// !$*UTF8*$!
{
	archiveVersion = 1;
	classes = {
	};
	objectVersion = 46;
	objects = {

/* Begin PBXBuildFile section */
		1910CB3C153D266900AAEEAF /* UIKit.framework in Frameworks */ = {isa = PBXBuildFile; fileRef = 1910CB3B153D266900AAEEAF /* UIKit.framework */; };
		1910CB3E153D266900AAEEAF /* Foundation.framework in Frameworks */ = {isa = PBXBuildFile; fileRef = 1910CB3D153D266900AAEEAF /* Foundation.framework */; };
		1910CB40153D266900AAEEAF /* CoreGraphics.framework in Frameworks */ = {isa = PBXBuildFile; fileRef = 1910CB3F153D266900AAEEAF /* CoreGraphics.framework */; };
		1910CB46153D266900AAEEAF /* InfoPlist.strings in Resources */ = {isa = PBXBuildFile; fileRef = 1910CB44153D266900AAEEAF /* InfoPlist.strings */; };
		1910CB48153D266900AAEEAF /* main.m in Sources */ = {isa = PBXBuildFile; fileRef = 1910CB47153D266900AAEEAF /* main.m */; };
		1910CB4C153D266900AAEEAF /* FirstAppAppDelegate.m in Sources */ = {isa = PBXBuildFile; fileRef = 1910CB4B153D266900AAEEAF /* FirstAppAppDelegate.m */; };
		1910CB54153D266A00AAEEAF /* SenTestingKit.framework in Frameworks */ = {isa = PBXBuildFile; fileRef = 1910CB53153D266A00AAEEAF /* SenTestingKit.framework */; };
		1910CB55153D266A00AAEEAF /* UIKit.framework in Frameworks */ = {isa = PBXBuildFile; fileRef = 1910CB3B153D266900AAEEAF /* UIKit.framework */; };
		1910CB56153D266A00AAEEAF /* Foundation.framework in Frameworks */ = {isa = PBXBuildFile; fileRef = 1910CB3D153D266900AAEEAF /* Foundation.framework */; };
		1910CB5E153D266A00AAEEAF /* InfoPlist.strings in Resources */ = {isa = PBXBuildFile; fileRef = 1910CB5C153D266A00AAEEAF /* InfoPlist.strings */; };
		1910CB61153D266A00AAEEAF /* MyFirstiOSAppTests.m in Sources */ = {isa = PBXBuildFile; fileRef = 1910CB60153D266A00AAEEAF /* MyFirstiOSAppTests.m */; };
/* End PBXBuildFile section */

/* Begin PBXContainerItemProxy section */
		1910CB57153D266A00AAEEAF /* PBXContainerItemProxy */ = {
			isa = PBXContainerItemProxy;
			containerPortal = 1910CB2E153D266900AAEEAF /* Project object */;
			proxyType = 1;
			remoteGlobalIDString = 1910CB36153D266900AAEEAF;
			remoteInfo = MyFirstiOSApp;
		};
/* End PBXContainerItemProxy section */

/* Begin PBXFileReference section */
		1910CB37153D266900AAEEAF /* MyFirstiOSApp.app */ = {isa = PBXFileReference; explicitFileType = wrapper.application; includeInIndex = 0; path = MyFirstiOSApp.app; sourceTree = BUILT_PRODUCTS_DIR; };
		1910CB3B153D266900AAEEAF /* UIKit.framework */ = {isa = PBXFileReference; lastKnownFileType = wrapper.framework; name = UIKit.framework; path = System/Library/Frameworks/UIKit.framework; sourceTree = SDKROOT; };
		1910CB3D153D266900AAEEAF /* Foundation.framework */ = {isa = PBXFileReference; lastKnownFileType = wrapper.framework; name = Foundation.framework; path = System/Library/Frameworks/Foundation.framework; sourceTree = SDKROOT; };
		1910CB3F153D266900AAEEAF /* CoreGraphics.framework */ = {isa = PBXFileReference; lastKnownFileType = wrapper.framework; name = CoreGraphics.framework; path = System/Library/Frameworks/CoreGraphics.framework; sourceTree = SDKROOT; };
		1910CB43153D266900AAEEAF /* MyFirstiOSApp-Info.plist */ = {isa = PBXFileReference; lastKnownFileType = text.plist.xml; path = "MyFirstiOSApp-Info.plist"; sourceTree = "<group>"; };
		1910CB45153D266900AAEEAF /* en */ = {isa = PBXFileReference; lastKnownFileType = text.plist.strings; name = en; path = en.lproj/InfoPlist.strings; sourceTree = "<group>"; };
		1910CB47153D266900AAEEAF /* main.m */ = {isa = PBXFileReference; lastKnownFileType = sourcecode.c.objc; path = main.m; sourceTree = "<group>"; };
		1910CB49153D266900AAEEAF /* MyFirstiOSApp-Prefix.pch */ = {isa = PBXFileReference; lastKnownFileType = sourcecode.c.h; path = "MyFirstiOSApp-Prefix.pch"; sourceTree = "<group>"; };
		1910CB4A153D266900AAEEAF /* FirstAppAppDelegate.h */ = {isa = PBXFileReference; lastKnownFileType = sourcecode.c.h; path = FirstAppAppDelegate.h; sourceTree = "<group>"; };
		1910CB4B153D266900AAEEAF /* FirstAppAppDelegate.m */ = {isa = PBXFileReference; lastKnownFileType = sourcecode.c.objc; path = FirstAppAppDelegate.m; sourceTree = "<group>"; };
		1910CB52153D266A00AAEEAF /* MyFirstiOSAppTests.octest */ = {isa = PBXFileReference; explicitFileType = wrapper.cfbundle; includeInIndex = 0; path = MyFirstiOSAppTests.octest; sourceTree = BUILT_PRODUCTS_DIR; };
		1910CB53153D266A00AAEEAF /* SenTestingKit.framework */ = {isa = PBXFileReference; lastKnownFileType = wrapper.framework; name = SenTestingKit.framework; path = Library/Frameworks/SenTestingKit.framework; sourceTree = DEVELOPER_DIR; };
		1910CB5B153D266A00AAEEAF /* MyFirstiOSAppTests-Info.plist */ = {isa = PBXFileReference; lastKnownFileType = text.plist.xml; path = "MyFirstiOSAppTests-Info.plist"; sourceTree = "<group>"; };
		1910CB5D153D266A00AAEEAF /* en */ = {isa = PBXFileReference; lastKnownFileType = text.plist.strings; name = en; path = en.lproj/InfoPlist.strings; sourceTree = "<group>"; };
		1910CB5F153D266A00AAEEAF /* MyFirstiOSAppTests.h */ = {isa = PBXFileReference; lastKnownFileType = sourcecode.c.h; path = MyFirstiOSAppTests.h; sourceTree = "<group>"; };
		1910CB60153D266A00AAEEAF /* MyFirstiOSAppTests.m */ = {isa = PBXFileReference; lastKnownFileType = sourcecode.c.objc; path = MyFirstiOSAppTests.m; sourceTree = "<group>"; };
/* End PBXFileReference section */

/* Begin PBXFrameworksBuildPhase section */
		1910CB34153D266900AAEEAF /* Frameworks */ = {
			isa = PBXFrameworksBuildPhase;
			buildActionMask = 2147483647;
			files = (
				1910CB3C153D266900AAEEAF /* UIKit.framework in Frameworks */,
				1910CB3E153D266900AAEEAF /* Foundation.framework in Frameworks */,
				1910CB40153D266900AAEEAF /* CoreGraphics.framework in Frameworks */,
			);
			runOnlyForDeploymentPostprocessing = 0;
		};
		1910CB4E153D266900AAEEAF /* Frameworks */ = {
			isa = PBXFrameworksBuildPhase;
			buildActionMask = 2147483647;
			files = (
				1910CB54153D266A00AAEEAF /* SenTestingKit.framework in Frameworks */,
				1910CB55153D266A00AAEEAF /* UIKit.framework in Frameworks */,
				1910CB56153D266A00AAEEAF /* Foundation.framework in Frameworks */,
			);
			runOnlyForDeploymentPostprocessing = 0;
		};
/* End PBXFrameworksBuildPhase section */

/* Begin PBXGroup section */
		1910CB2C153D266900AAEEAF = {
			isa = PBXGroup;
			children = (
				1910CB41153D266900AAEEAF /* MyFirstiOSApp */,
				1910CB59153D266A00AAEEAF /* MyFirstiOSAppTests */,
				1910CB3A153D266900AAEEAF /* Frameworks */,
				1910CB38153D266900AAEEAF /* Products */,
			);
			sourceTree = "<group>";
		};
		1910CB38153D266900AAEEAF /* Products */ = {
			isa = PBXGroup;
			children = (
				1910CB37153D266900AAEEAF /* MyFirstiOSApp.app */,
				1910CB52153D266A00AAEEAF /* MyFirstiOSAppTests.octest */,
			);
			name = Products;
			sourceTree = "<group>";
		};
		1910CB3A153D266900AAEEAF /* Frameworks */ = {
			isa = PBXGroup;
			children = (
				1910CB3B153D266900AAEEAF /* UIKit.framework */,
				1910CB3D153D266900AAEEAF /* Foundation.framework */,
				1910CB3F153D266900AAEEAF /* CoreGraphics.framework */,
				1910CB53153D266A00AAEEAF /* SenTestingKit.framework */,
			);
			name = Frameworks;
			sourceTree = "<group>";
		};
		1910CB41153D266900AAEEAF /* MyFirstiOSApp */ = {
			isa = PBXGroup;
			children = (
				1910CB4A153D266900AAEEAF /* FirstAppAppDelegate.h */,
				1910CB4B153D266900AAEEAF /* FirstAppAppDelegate.m */,
				1910CB42153D266900AAEEAF /* Supporting Files */,
			);
			path = MyFirstiOSApp;
			sourceTree = "<group>";
		};
		1910CB42153D266900AAEEAF /* Supporting Files */ = {
			isa = PBXGroup;
			children = (
				1910CB43153D266900AAEEAF /* MyFirstiOSApp-Info.plist */,
				1910CB44153D266900AAEEAF /* InfoPlist.strings */,
				1910CB47153D266900AAEEAF /* main.m */,
				1910CB49153D266900AAEEAF /* MyFirstiOSApp-Prefix.pch */,
			);
			name = "Supporting Files";
			sourceTree = "<group>";
		};
		1910CB59153D266A00AAEEAF /* MyFirstiOSAppTests */ = {
			isa = PBXGroup;
			children = (
				1910CB5F153D266A00AAEEAF /* MyFirstiOSAppTests.h */,
				1910CB60153D266A00AAEEAF /* MyFirstiOSAppTests.m */,
				1910CB5A153D266A00AAEEAF /* Supporting Files */,
			);
			path = MyFirstiOSAppTests;
			sourceTree = "<group>";
		};
		1910CB5A153D266A00AAEEAF /* Supporting Files */ = {
			isa = PBXGroup;
			children = (
				1910CB5B153D266A00AAEEAF /* MyFirstiOSAppTests-Info.plist */,
				1910CB5C153D266A00AAEEAF /* InfoPlist.strings */,
			);
			name = "Supporting Files";
			sourceTree = "<group>";
		};
/* End PBXGroup section */

/* Begin PBXNativeTarget section */
		1910CB36153D266900AAEEAF /* MyFirstiOSApp */ = {
			isa = PBXNativeTarget;
			buildConfigurationList = 1910CB64153D266A00AAEEAF /* Build configuration list for PBXNativeTarget "MyFirstiOSApp" */;
			buildPhases = (
				1910CB33153D266900AAEEAF /* Sources */,
				1910CB34153D266900AAEEAF /* Frameworks */,
				1910CB35153D266900AAEEAF /* Resources */,
			);
			buildRules = (
			);
			dependencies = (
			);
			name = MyFirstiOSApp;
			productName = MyFirstiOSApp;
			productReference = 1910CB37153D266900AAEEAF /* MyFirstiOSApp.app */;
			productType = "com.apple.product-type.application";
		};
		1910CB51153D266900AAEEAF /* MyFirstiOSAppTests */ = {
			isa = PBXNativeTarget;
			buildConfigurationList = 1910CB67153D266A00AAEEAF /* Build configuration list for PBXNativeTarget "MyFirstiOSAppTests" */;
			buildPhases = (
				1910CB4D153D266900AAEEAF /* Sources */,
				1910CB4E153D266900AAEEAF /* Frameworks */,
				1910CB4F153D266900AAEEAF /* Resources */,
				1910CB50153D266900AAEEAF /* ShellScript */,
			);
			buildRules = (
			);
			dependencies = (
				1910CB58153D266A00AAEEAF /* PBXTargetDependency */,
			);
			name = MyFirstiOSAppTests;
			productName = MyFirstiOSAppTests;
			productReference = 1910CB52153D266A00AAEEAF /* MyFirstiOSAppTests.octest */;
			productType = "com.apple.product-type.bundle";
		};
/* End PBXNativeTarget section */

/* Begin PBXProject section */
		1910CB2E153D266900AAEEAF /* Project object */ = {
			isa = PBXProject;
			attributes = {
				CLASSPREFIX = FirstApp;
				LastUpgradeCheck = 0430;
			};
			buildConfigurationList = 1910CB31153D266900AAEEAF /* Build configuration list for PBXProject "MyFirstiOSApp" */;
			compatibilityVersion = "Xcode 3.2";
			developmentRegion = English;
			hasScannedForEncodings = 0;
			knownRegions = (
				en,
			);
			mainGroup = 1910CB2C153D266900AAEEAF;
			productRefGroup = 1910CB38153D266900AAEEAF /* Products */;
			projectDirPath = "";
			projectRoot = "";
			targets = (
				1910CB36153D266900AAEEAF /* MyFirstiOSApp */,
				1910CB51153D266900AAEEAF /* MyFirstiOSAppTests */,
			);
		};
/* End PBXProject section */

/* Begin PBXResourcesBuildPhase section */
		1910CB35153D266900AAEEAF /* Resources */ = {
			isa = PBXResourcesBuildPhase;
			buildActionMask = 2147483647;
			files = (
				1910CB46153D266900AAEEAF /* InfoPlist.strings in Resources */,
			);
			runOnlyForDeploymentPostprocessing = 0;
		};
		1910CB4F153D266900AAEEAF /* Resources */ = {
			isa = PBXResourcesBuildPhase;
			buildActionMask = 2147483647;
			files = (
				1910CB5E153D266A00AAEEAF /* InfoPlist.strings in Resources */,
			);
			runOnlyForDeploymentPostprocessing = 0;
		};
/* End PBXResourcesBuildPhase section */

/* Begin PBXShellScriptBuildPhase section */
		1910CB50153D266900AAEEAF /* ShellScript */ = {
			isa = PBXShellScriptBuildPhase;
			buildActionMask = 2147483647;
			files = (
			);
			inputPaths = (
			);
			outputPaths = (
			);
			runOnlyForDeploymentPostprocessing = 0;
			shellPath = /bin/sh;
			shellScript = "# Run the unit tests in this test bundle.\n\"${SYSTEM_DEVELOPER_DIR}/Tools/RunUnitTests\"\n";
		};
/* End PBXShellScriptBuildPhase section */

/* Begin PBXSourcesBuildPhase section */
		1910CB33153D266900AAEEAF /* Sources */ = {
			isa = PBXSourcesBuildPhase;
			buildActionMask = 2147483647;
			files = (
				1910CB48153D266900AAEEAF /* main.m in Sources */,
				1910CB4C153D266900AAEEAF /* FirstAppAppDelegate.m in Sources */,
			);
			runOnlyForDeploymentPostprocessing = 0;
		};
		1910CB4D153D266900AAEEAF /* Sources */ = {
			isa = PBXSourcesBuildPhase;
			buildActionMask = 2147483647;
			files = (
				1910CB61153D266A00AAEEAF /* MyFirstiOSAppTests.m in Sources */,
			);
			runOnlyForDeploymentPostprocessing = 0;
		};
/* End PBXSourcesBuildPhase section */

/* Begin PBXTargetDependency section */
		1910CB58153D266A00AAEEAF /* PBXTargetDependency */ = {
			isa = PBXTargetDependency;
			target = 1910CB36153D266900AAEEAF /* MyFirstiOSApp */;
			targetProxy = 1910CB57153D266A00AAEEAF /* PBXContainerItemProxy */;
		};
/* End PBXTargetDependency section */

/* Begin PBXVariantGroup section */
		1910CB44153D266900AAEEAF /* InfoPlist.strings */ = {
			isa = PBXVariantGroup;
			children = (
				1910CB45153D266900AAEEAF /* en */,
			);
			name = InfoPlist.strings;
			sourceTree = "<group>";
		};
		1910CB5C153D266A00AAEEAF /* InfoPlist.strings */ = {
			isa = PBXVariantGroup;
			children = (
				1910CB5D153D266A00AAEEAF /* en */,
			);
			name = InfoPlist.strings;
			sourceTree = "<group>";
		};
/* End PBXVariantGroup section */

/* Begin XCBuildConfiguration section */
		1910CB62153D266A00AAEEAF /* Debug */ = {
			isa = XCBuildConfiguration;
			buildSettings = {
				ALWAYS_SEARCH_USER_PATHS = NO;
				ARCHS = "$(ARCHS_STANDARD_32_BIT)";
				CLANG_ENABLE_OBJC_ARC = YES;
				"CODE_SIGN_IDENTITY[sdk=iphoneos*]" = "iPhone Developer";
				COPY_PHASE_STRIP = NO;
				GCC_C_LANGUAGE_STANDARD = gnu99;
				GCC_DYNAMIC_NO_PIC = NO;
				GCC_OPTIMIZATION_LEVEL = 0;
				GCC_PREPROCESSOR_DEFINITIONS = (
					"DEBUG=1",
					"$(inherited)",
				);
				GCC_SYMBOLS_PRIVATE_EXTERN = NO;
				GCC_VERSION = com.apple.compilers.llvm.clang.1_0;
				GCC_WARN_ABOUT_RETURN_TYPE = YES;
				GCC_WARN_UNINITIALIZED_AUTOS = YES;
				GCC_WARN_UNUSED_VARIABLE = YES;
				IPHONEOS_DEPLOYMENT_TARGET = 5.1;
				SDKROOT = iphoneos;
				TARGETED_DEVICE_FAMILY = "1,2";
			};
			name = Debug;
		};
		1910CB63153D266A00AAEEAF /* Release */ = {
			isa = XCBuildConfiguration;
			buildSettings = {
				ALWAYS_SEARCH_USER_PATHS = NO;
				ARCHS = "$(ARCHS_STANDARD_32_BIT)";
				CLANG_ENABLE_OBJC_ARC = YES;
				"CODE_SIGN_IDENTITY[sdk=iphoneos*]" = "iPhone Developer";
				COPY_PHASE_STRIP = YES;
				GCC_C_LANGUAGE_STANDARD = gnu99;
				GCC_VERSION = com.apple.compilers.llvm.clang.1_0;
				GCC_WARN_ABOUT_RETURN_TYPE = YES;
				GCC_WARN_UNINITIALIZED_AUTOS = YES;
				GCC_WARN_UNUSED_VARIABLE = YES;
				IPHONEOS_DEPLOYMENT_TARGET = 5.1;
				OTHER_CFLAGS = "-DNS_BLOCK_ASSERTIONS=1";
				SDKROOT = iphoneos;
				TARGETED_DEVICE_FAMILY = "1,2";
				VALIDATE_PRODUCT = YES;
			};
			name = Release;
		};
		1910CB65153D266A00AAEEAF /* Debug */ = {
			isa = XCBuildConfiguration;
			buildSettings = {
				GCC_PRECOMPILE_PREFIX_HEADER = YES;
				GCC_PREFIX_HEADER = "MyFirstiOSApp/MyFirstiOSApp-Prefix.pch";
				INFOPLIST_FILE = "MyFirstiOSApp/MyFirstiOSApp-Info.plist";
				PRODUCT_NAME = "$(TARGET_NAME)";
				WRAPPER_EXTENSION = app;
			};
			name = Debug;
		};
		1910CB66153D266A00AAEEAF /* Release */ = {
			isa = XCBuildConfiguration;
			buildSettings = {
				GCC_PRECOMPILE_PREFIX_HEADER = YES;
				GCC_PREFIX_HEADER = "MyFirstiOSApp/MyFirstiOSApp-Prefix.pch";
				INFOPLIST_FILE = "MyFirstiOSApp/MyFirstiOSApp-Info.plist";
				PRODUCT_NAME = "$(TARGET_NAME)";
				WRAPPER_EXTENSION = app;
			};
			name = Release;
		};
		1910CB68153D266A00AAEEAF /* Debug */ = {
			isa = XCBuildConfiguration;
			buildSettings = {
				BUNDLE_LOADER = "$(BUILT_PRODUCTS_DIR)/MyFirstiOSApp.app/MyFirstiOSApp";
				FRAMEWORK_SEARCH_PATHS = (
					"$(SDKROOT)/Developer/Library/Frameworks",
					"$(DEVELOPER_LIBRARY_DIR)/Frameworks",
				);
				GCC_PRECOMPILE_PREFIX_HEADER = YES;
				GCC_PREFIX_HEADER = "MyFirstiOSApp/MyFirstiOSApp-Prefix.pch";
				INFOPLIST_FILE = "MyFirstiOSAppTests/MyFirstiOSAppTests-Info.plist";
				PRODUCT_NAME = "$(TARGET_NAME)";
				TEST_HOST = "$(BUNDLE_LOADER)";
				WRAPPER_EXTENSION = octest;
			};
			name = Debug;
		};
		1910CB69153D266A00AAEEAF /* Release */ = {
			isa = XCBuildConfiguration;
			buildSettings = {
				BUNDLE_LOADER = "$(BUILT_PRODUCTS_DIR)/MyFirstiOSApp.app/MyFirstiOSApp";
				FRAMEWORK_SEARCH_PATHS = (
					"$(SDKROOT)/Developer/Library/Frameworks",
					"$(DEVELOPER_LIBRARY_DIR)/Frameworks",
				);
				GCC_PRECOMPILE_PREFIX_HEADER = YES;
				GCC_PREFIX_HEADER = "MyFirstiOSApp/MyFirstiOSApp-Prefix.pch";
				INFOPLIST_FILE = "MyFirstiOSAppTests/MyFirstiOSAppTests-Info.plist";
				PRODUCT_NAME = "$(TARGET_NAME)";
				TEST_HOST = "$(BUNDLE_LOADER)";
				WRAPPER_EXTENSION = octest;
			};
			name = Release;
		};
/* End XCBuildConfiguration section */

/* Begin XCConfigurationList section */
		1910CB31153D266900AAEEAF /* Build configuration list for PBXProject "MyFirstiOSApp" */ = {
			isa = XCConfigurationList;
			buildConfigurations = (
				1910CB62153D266A00AAEEAF /* Debug */,
				1910CB63153D266A00AAEEAF /* Release */,
			);
			defaultConfigurationIsVisible = 0;
			defaultConfigurationName = Release;
		};
		1910CB64153D266A00AAEEAF /* Build configuration list for PBXNativeTarget "MyFirstiOSApp" */ = {
			isa = XCConfigurationList;
			buildConfigurations = (
				1910CB65153D266A00AAEEAF /* Debug */,
				1910CB66153D266A00AAEEAF /* Release */,
			);
			defaultConfigurationIsVisible = 0;
		};
		1910CB67153D266A00AAEEAF /* Build configuration list for PBXNativeTarget "MyFirstiOSAppTests" */ = {
			isa = XCConfigurationList;
			buildConfigurations = (
				1910CB68153D266A00AAEEAF /* Debug */,
				1910CB69153D266A00AAEEAF /* Release */,
			);
			defaultConfigurationIsVisible = 0;
		};
/* End XCConfigurationList section */
	};
	rootObject = 1910CB2E153D266900AAEEAF /* Project object */;
}
